
Microsoft Visual Studio Solution File, Format Version 12.00
# Visual Studio 15
VisualStudioVersion = 15.0.26730.12
MinimumVisualStudioVersion = 10.0.40219.1
Project("{9A19103F-16F7-4668-BE54-9A1E7A4F7556}") = "cs-algorithms", "cs-algorithms\cs-algorithms.csproj", "{BDE3CEAA-2B6D-40DC-B154-06EC248BADB4}"
EndProject
Project("{9A19103F-16F7-4668-BE54-9A1E7A4F7556}") = "cs-conversions", "cs-conversions\cs-conversions.csproj", "{169B77E6-646D-46B8-9CAC-7E5B126C4A08}"
EndProject
Project("{9A19103F-16F7-4668-BE54-9A1E7A4F7556}") = "cs-data-structures", "cs-data-structures\cs-data-structures.csproj", "{3BDD20E4-27F1-4ED6-9E53-B9E86E3C617A}"
EndProject
Project("{9A19103F-16F7-4668-BE54-9A1E7A4F7556}") = "cs-oop", "cs-oop\cs-oop.csproj", "{BC289FD1-12D3-46F6-AFC8-19DEEDEB51D2}"
EndProject
Project("{9A19103F-16F7-4668-BE54-9A1E7A4F7556}") = "cs-loops", "cs-loops\cs-loops.csproj", "{41BFB3ED-B0D6-4578-8733-F9CF95E25C0E}"
EndProject
Project("{9A19103F-16F7-4668-BE54-9A1E7A4F7556}") = "cs-io", "cs-io\cs-io.csproj", "{786F94B0-675A-4470-BFB9-DB62AFBD03AE}"
EndProject
Project("{FAE04EC0-301F-11D3-BF4B-00C04F79EFBC}") = "cs-lesson-populate", "cs-lesson-populate\cs-lesson-populate.csproj", "{9BE16FE8-B0D4-4EEC-88B2-635C59A3F372}"
EndProject
Project("{FAE04EC0-301F-11D3-BF4B-00C04F79EFBC}") = "cs-lesson-tasks", "cs-lesson-tasks\cs-lesson-tasks.csproj", "{869802C6-A70A-48DB-8627-C2688CF9CA57}"
EndProject
Project("{FAE04EC0-301F-11D3-BF4B-00C04F79EFBC}") = "cs-coupling-cohesion", "cs-coupling-cohesion\cs-coupling-cohesion.csproj", "{62C08362-E355-440C-8803-C681B8972F95}"
EndProject
Project("{FAE04EC0-301F-11D3-BF4B-00C04F79EFBC}") = "cs-generics", "cs-generics\cs-generics.csproj", "{90FE3521-965C-460C-8AC3-FA0D7A854BC7}"
EndProject
Project("{FAE04EC0-301F-11D3-BF4B-00C04F79EFBC}") = "cs-polymorphsim", "cs-polymorphsim\cs-polymorphsim.csproj", "{9D8EEAB2-97EF-4CBE-AA00-FD5C78861022}"
EndProject
Project("{FAE04EC0-301F-11D3-BF4B-00C04F79EFBC}") = "cs-comparisons", "cs-comparisons\cs-comparisons.csproj", "{3A880B9F-10DF-41A7-996D-90571FC8F171}"
EndProject
Project("{FAE04EC0-301F-11D3-BF4B-00C04F79EFBC}") = "cs-linq", "cs-linq\cs-linq.csproj", "{A5FE6321-A89A-4E76-B6DD-55DD3762AB7C}"
EndProject
Global
	GlobalSection(SolutionConfigurationPlatforms) = preSolution
		Debug|Any CPU = Debug|Any CPU
		Release|Any CPU = Release|Any CPU
	EndGlobalSection
	GlobalSection(ProjectConfigurationPlatforms) = postSolution
		{BDE3CEAA-2B6D-40DC-B154-06EC248BADB4}.Debug|Any CPU.ActiveCfg = Debug|Any CPU
		{BDE3CEAA-2B6D-40DC-B154-06EC248BADB4}.Debug|Any CPU.Build.0 = Debug|Any CPU
		{BDE3CEAA-2B6D-40DC-B154-06EC248BADB4}.Release|Any CPU.ActiveCfg = Release|Any CPU
		{BDE3CEAA-2B6D-40DC-B154-06EC248BADB4}.Release|Any CPU.Build.0 = Release|Any CPU
		{169B77E6-646D-46B8-9CAC-7E5B126C4A08}.Debug|Any CPU.ActiveCfg = Debug|Any CPU
		{169B77E6-646D-46B8-9CAC-7E5B126C4A08}.Debug|Any CPU.Build.0 = Debug|Any CPU
		{169B77E6-646D-46B8-9CAC-7E5B126C4A08}.Release|Any CPU.ActiveCfg = Release|Any CPU
		{169B77E6-646D-46B8-9CAC-7E5B126C4A08}.Release|Any CPU.Build.0 = Release|Any CPU
		{3BDD20E4-27F1-4ED6-9E53-B9E86E3C617A}.Debug|Any CPU.ActiveCfg = Debug|Any CPU
		{3BDD20E4-27F1-4ED6-9E53-B9E86E3C617A}.Debug|Any CPU.Build.0 = Debug|Any CPU
		{3BDD20E4-27F1-4ED6-9E53-B9E86E3C617A}.Release|Any CPU.ActiveCfg = Release|Any CPU
		{3BDD20E4-27F1-4ED6-9E53-B9E86E3C617A}.Release|Any CPU.Build.0 = Release|Any CPU
		{BC289FD1-12D3-46F6-AFC8-19DEEDEB51D2}.Debug|Any CPU.ActiveCfg = Debug|Any CPU
		{BC289FD1-12D3-46F6-AFC8-19DEEDEB51D2}.Debug|Any CPU.Build.0 = Debug|Any CPU
		{BC289FD1-12D3-46F6-AFC8-19DEEDEB51D2}.Release|Any CPU.ActiveCfg = Release|Any CPU
		{BC289FD1-12D3-46F6-AFC8-19DEEDEB51D2}.Release|Any CPU.Build.0 = Release|Any CPU
		{41BFB3ED-B0D6-4578-8733-F9CF95E25C0E}.Debug|Any CPU.ActiveCfg = Debug|Any CPU
		{41BFB3ED-B0D6-4578-8733-F9CF95E25C0E}.Debug|Any CPU.Build.0 = Debug|Any CPU
		{41BFB3ED-B0D6-4578-8733-F9CF95E25C0E}.Release|Any CPU.ActiveCfg = Release|Any CPU
		{41BFB3ED-B0D6-4578-8733-F9CF95E25C0E}.Release|Any CPU.Build.0 = Release|Any CPU
		{786F94B0-675A-4470-BFB9-DB62AFBD03AE}.Debug|Any CPU.ActiveCfg = Debug|Any CPU
		{786F94B0-675A-4470-BFB9-DB62AFBD03AE}.Debug|Any CPU.Build.0 = Debug|Any CPU
		{786F94B0-675A-4470-BFB9-DB62AFBD03AE}.Release|Any CPU.ActiveCfg = Release|Any CPU
		{786F94B0-675A-4470-BFB9-DB62AFBD03AE}.Release|Any CPU.Build.0 = Release|Any CPU
		{9BE16FE8-B0D4-4EEC-88B2-635C59A3F372}.Debug|Any CPU.ActiveCfg = Debug|Any CPU
		{9BE16FE8-B0D4-4EEC-88B2-635C59A3F372}.Debug|Any CPU.Build.0 = Debug|Any CPU
		{9BE16FE8-B0D4-4EEC-88B2-635C59A3F372}.Release|Any CPU.ActiveCfg = Release|Any CPU
		{9BE16FE8-B0D4-4EEC-88B2-635C59A3F372}.Release|Any CPU.Build.0 = Release|Any CPU
		{869802C6-A70A-48DB-8627-C2688CF9CA57}.Debug|Any CPU.ActiveCfg = Debug|Any CPU
		{869802C6-A70A-48DB-8627-C2688CF9CA57}.Debug|Any CPU.Build.0 = Debug|Any CPU
		{869802C6-A70A-48DB-8627-C2688CF9CA57}.Release|Any CPU.ActiveCfg = Release|Any CPU
		{869802C6-A70A-48DB-8627-C2688CF9CA57}.Release|Any CPU.Build.0 = Release|Any CPU
		{62C08362-E355-440C-8803-C681B8972F95}.Debug|Any CPU.ActiveCfg = Debug|Any CPU
		{62C08362-E355-440C-8803-C681B8972F95}.Debug|Any CPU.Build.0 = Debug|Any CPU
		{62C08362-E355-440C-8803-C681B8972F95}.Release|Any CPU.ActiveCfg = Release|Any CPU
		{62C08362-E355-440C-8803-C681B8972F95}.Release|Any CPU.Build.0 = Release|Any CPU
		{90FE3521-965C-460C-8AC3-FA0D7A854BC7}.Debug|Any CPU.ActiveCfg = Debug|Any CPU
		{90FE3521-965C-460C-8AC3-FA0D7A854BC7}.Debug|Any CPU.Build.0 = Debug|Any CPU
		{90FE3521-965C-460C-8AC3-FA0D7A854BC7}.Release|Any CPU.ActiveCfg = Release|Any CPU
		{90FE3521-965C-460C-8AC3-FA0D7A854BC7}.Release|Any CPU.Build.0 = Release|Any CPU
		{9D8EEAB2-97EF-4CBE-AA00-FD5C78861022}.Debug|Any CPU.ActiveCfg = Debug|Any CPU
		{9D8EEAB2-97EF-4CBE-AA00-FD5C78861022}.Debug|Any CPU.Build.0 = Debug|Any CPU
		{9D8EEAB2-97EF-4CBE-AA00-FD5C78861022}.Release|Any CPU.ActiveCfg = Release|Any CPU
		{9D8EEAB2-97EF-4CBE-AA00-FD5C78861022}.Release|Any CPU.Build.0 = Release|Any CPU
		{3A880B9F-10DF-41A7-996D-90571FC8F171}.Debug|Any CPU.ActiveCfg = Debug|Any CPU
		{3A880B9F-10DF-41A7-996D-90571FC8F171}.Debug|Any CPU.Build.0 = Debug|Any CPU
		{3A880B9F-10DF-41A7-996D-90571FC8F171}.Release|Any CPU.ActiveCfg = Release|Any CPU
		{3A880B9F-10DF-41A7-996D-90571FC8F171}.Release|Any CPU.Build.0 = Release|Any CPU
		{A5FE6321-A89A-4E76-B6DD-55DD3762AB7C}.Debug|Any CPU.ActiveCfg = Debug|Any CPU
		{A5FE6321-A89A-4E76-B6DD-55DD3762AB7C}.Debug|Any CPU.Build.0 = Debug|Any CPU
		{A5FE6321-A89A-4E76-B6DD-55DD3762AB7C}.Release|Any CPU.ActiveCfg = Release|Any CPU
		{A5FE6321-A89A-4E76-B6DD-55DD3762AB7C}.Release|Any CPU.Build.0 = Release|Any CPU
	EndGlobalSection
	GlobalSection(SolutionProperties) = preSolution
		HideSolutionNode = FALSE
	EndGlobalSection
	GlobalSection(ExtensibilityGlobals) = postSolution
		SolutionGuid = {F85F070C-2347-4636-AC97-73D1231AEF23}
	EndGlobalSection
EndGlobal
